
Microsoft Visual Studio Solution File, Format Version 12.00
# Visual Studio Version 17
VisualStudioVersion = 17.4.33205.214
MinimumVisualStudioVersion = 10.0.40219.1
Project("{9A19103F-16F7-4668-BE54-9A1E7A4F7556}") = "UploadFile", "UploadFile.csproj", "{28B9FA09-09DB-40AA-B54A-6B8EF7CB6CCF}"
EndProject
Global
	GlobalSection(SolutionConfigurationPlatforms) = preSolution
		Debug|Any CPU = Debug|Any CPU
		Release|Any CPU = Release|Any CPU
	EndGlobalSection
	GlobalSection(ProjectConfigurationPlatforms) = postSolution
		{28B9FA09-09DB-40AA-B54A-6B8EF7CB6CCF}.Debug|Any CPU.ActiveCfg = Debug|Any CPU
		{28B9FA09-09DB-40AA-B54A-6B8EF7CB6CCF}.Debug|Any CPU.Build.0 = Debug|Any CPU
		{28B9FA09-09DB-40AA-B54A-6B8EF7CB6CCF}.Release|Any CPU.ActiveCfg = Release|Any CPU
		{28B9FA09-09DB-40AA-B54A-6B8EF7CB6CCF}.Release|Any CPU.Build.0 = Release|Any CPU
	EndGlobalSection
	GlobalSection(SolutionProperties) = preSolution
		HideSolutionNode = FALSE
	EndGlobalSection
	GlobalSection(ExtensibilityGlobals) = postSolution
		SolutionGuid = {5129DDBA-3F2C-4C50-95CC-C0538253C15F}
	EndGlobalSection
EndGlobal
